// !$*UTF8*$!
{
	archiveVersion = 1;
	classes = {
	};
	objectVersion = 46;
	objects = {

/* Begin PBXBuildFile section */
		4C0AA36B1C12B61600FBECB9 /* Boss.swift in Sources */ = {isa = PBXBuildFile; fileRef = 4C0AA36A1C12B61600FBECB9 /* Boss.swift */; settings = {ASSET_TAGS = (); }; };
		4C0AA36D1C12B61C00FBECB9 /* Meteor.swift in Sources */ = {isa = PBXBuildFile; fileRef = 4C0AA36C1C12B61C00FBECB9 /* Meteor.swift */; settings = {ASSET_TAGS = (); }; };
		4C0AA36F1C12B62000FBECB9 /* Projectile.swift in Sources */ = {isa = PBXBuildFile; fileRef = 4C0AA36E1C12B62000FBECB9 /* Projectile.swift */; settings = {ASSET_TAGS = (); }; };
		4C0AA3721C12B6DB00FBECB9 /* Level.swift in Sources */ = {isa = PBXBuildFile; fileRef = 4C0AA3711C12B6DB00FBECB9 /* Level.swift */; settings = {ASSET_TAGS = (); }; };
		4C4558261C1290B50059AA42 /* AppDelegate.swift in Sources */ = {isa = PBXBuildFile; fileRef = 4C4558251C1290B50059AA42 /* AppDelegate.swift */; };
		4C4558281C1290B50059AA42 /* GameScene.sks in Resources */ = {isa = PBXBuildFile; fileRef = 4C4558271C1290B50059AA42 /* GameScene.sks */; };
		4C45582A1C1290B50059AA42 /* GameScene.swift in Sources */ = {isa = PBXBuildFile; fileRef = 4C4558291C1290B50059AA42 /* GameScene.swift */; };
		4C45582C1C1290B50059AA42 /* GameViewController.swift in Sources */ = {isa = PBXBuildFile; fileRef = 4C45582B1C1290B50059AA42 /* GameViewController.swift */; };
		4C45582F1C1290B50059AA42 /* Main.storyboard in Resources */ = {isa = PBXBuildFile; fileRef = 4C45582D1C1290B50059AA42 /* Main.storyboard */; };
		4C4558311C1290B50059AA42 /* Assets.xcassets in Resources */ = {isa = PBXBuildFile; fileRef = 4C4558301C1290B50059AA42 /* Assets.xcassets */; };
		4C4558341C1290B50059AA42 /* LaunchScreen.storyboard in Resources */ = {isa = PBXBuildFile; fileRef = 4C4558321C1290B50059AA42 /* LaunchScreen.storyboard */; };
		4C45583C1C1291870059AA42 /* Spaceship.swift in Sources */ = {isa = PBXBuildFile; fileRef = 4C45583B1C1291870059AA42 /* Spaceship.swift */; settings = {ASSET_TAGS = (); }; };
		4C5E45101C75B377007D5112 /* HealthBar.swift in Sources */ = {isa = PBXBuildFile; fileRef = 4C5E450F1C75B377007D5112 /* HealthBar.swift */; settings = {ASSET_TAGS = (); }; };
		4C5E45121C75B499007D5112 /* ShipExhaust.sks in Resources */ = {isa = PBXBuildFile; fileRef = 4C5E45111C75B499007D5112 /* ShipExhaust.sks */; settings = {ASSET_TAGS = (); }; };
		4C5E45141C75B743007D5112 /* spark.png in Resources */ = {isa = PBXBuildFile; fileRef = 4C5E45131C75B743007D5112 /* spark.png */; settings = {ASSET_TAGS = (); }; };
		4C69901C1C75BA350061BB6C /* StarField.sks in Resources */ = {isa = PBXBuildFile; fileRef = 4C69901A1C75BA350061BB6C /* StarField.sks */; settings = {ASSET_TAGS = (); }; };
		4C69901D1C75BA350061BB6C /* spark.png in Resources */ = {isa = PBXBuildFile; fileRef = 4C69901B1C75BA350061BB6C /* spark.png */; settings = {ASSET_TAGS = (); }; };
		4CD4C3171C13BEAF00996832 /* Upgrade.swift in Sources */ = {isa = PBXBuildFile; fileRef = 4CD4C3161C13BEAF00996832 /* Upgrade.swift */; settings = {ASSET_TAGS = (); }; };
		4CD4C31A1C13C7D600996832 /* Fireball.swift in Sources */ = {isa = PBXBuildFile; fileRef = 4CD4C3191C13C7D600996832 /* Fireball.swift */; settings = {ASSET_TAGS = (); }; };
		4CD4C31C1C13CC5B00996832 /* Laser.swift in Sources */ = {isa = PBXBuildFile; fileRef = 4CD4C31B1C13CC5B00996832 /* Laser.swift */; settings = {ASSET_TAGS = (); }; };
		4CD4C3201C13EF9000996832 /* pFireball.swift in Sources */ = {isa = PBXBuildFile; fileRef = 4CD4C31F1C13EF9000996832 /* pFireball.swift */; settings = {ASSET_TAGS = (); }; };
		4CD4C3221C13EF9800996832 /* pLaser.swift in Sources */ = {isa = PBXBuildFile; fileRef = 4CD4C3211C13EF9800996832 /* pLaser.swift */; settings = {ASSET_TAGS = (); }; };
/* End PBXBuildFile section */

/* Begin PBXFileReference section */
		4C0AA36A1C12B61600FBECB9 /* Boss.swift */ = {isa = PBXFileReference; fileEncoding = 4; lastKnownFileType = sourcecode.swift; path = Boss.swift; sourceTree = "<group>"; };
		4C0AA36C1C12B61C00FBECB9 /* Meteor.swift */ = {isa = PBXFileReference; fileEncoding = 4; lastKnownFileType = sourcecode.swift; path = Meteor.swift; sourceTree = "<group>"; };
		4C0AA36E1C12B62000FBECB9 /* Projectile.swift */ = {isa = PBXFileReference; fileEncoding = 4; lastKnownFileType = sourcecode.swift; path = Projectile.swift; sourceTree = "<group>"; };
		4C0AA3711C12B6DB00FBECB9 /* Level.swift */ = {isa = PBXFileReference; fileEncoding = 4; lastKnownFileType = sourcecode.swift; path = Level.swift; sourceTree = "<group>"; };
		4C4558221C1290B50059AA42 /* Pterattack.app */ = {isa = PBXFileReference; explicitFileType = wrapper.application; includeInIndex = 0; path = Pterattack.app; sourceTree = BUILT_PRODUCTS_DIR; };
		4C4558251C1290B50059AA42 /* AppDelegate.swift */ = {isa = PBXFileReference; lastKnownFileType = sourcecode.swift; path = AppDelegate.swift; sourceTree = "<group>"; };
		4C4558271C1290B50059AA42 /* GameScene.sks */ = {isa = PBXFileReference; lastKnownFileType = file.sks; path = GameScene.sks; sourceTree = "<group>"; };
		4C4558291C1290B50059AA42 /* GameScene.swift */ = {isa = PBXFileReference; lastKnownFileType = sourcecode.swift; path = GameScene.swift; sourceTree = "<group>"; };
		4C45582B1C1290B50059AA42 /* GameViewController.swift */ = {isa = PBXFileReference; lastKnownFileType = sourcecode.swift; path = GameViewController.swift; sourceTree = "<group>"; };
		4C45582E1C1290B50059AA42 /* Base */ = {isa = PBXFileReference; lastKnownFileType = file.storyboard; name = Base; path = Base.lproj/Main.storyboard; sourceTree = "<group>"; };
		4C4558301C1290B50059AA42 /* Assets.xcassets */ = {isa = PBXFileReference; lastKnownFileType = folder.assetcatalog; path = Assets.xcassets; sourceTree = "<group>"; };
		4C4558331C1290B50059AA42 /* Base */ = {isa = PBXFileReference; lastKnownFileType = file.storyboard; name = Base; path = Base.lproj/LaunchScreen.storyboard; sourceTree = "<group>"; };
		4C4558351C1290B60059AA42 /* Info.plist */ = {isa = PBXFileReference; lastKnownFileType = text.plist.xml; path = Info.plist; sourceTree = "<group>"; };
		4C45583B1C1291870059AA42 /* Spaceship.swift */ = {isa = PBXFileReference; fileEncoding = 4; lastKnownFileType = sourcecode.swift; path = Spaceship.swift; sourceTree = "<group>"; };
		4C5E450F1C75B377007D5112 /* HealthBar.swift */ = {isa = PBXFileReference; fileEncoding = 4; lastKnownFileType = sourcecode.swift; path = HealthBar.swift; sourceTree = "<group>"; };
		4C5E45111C75B499007D5112 /* ShipExhaust.sks */ = {isa = PBXFileReference; lastKnownFileType = file.sks; name = ShipExhaust.sks; path = Pterattack/ShipExhaust.sks; sourceTree = "<group>"; };
		4C5E45131C75B743007D5112 /* spark.png */ = {isa = PBXFileReference; lastKnownFileType = image.png; name = spark.png; path = Pterattack/spark.png; sourceTree = "<group>"; };
		4C69901A1C75BA350061BB6C /* StarField.sks */ = {isa = PBXFileReference; lastKnownFileType = file.sks; path = StarField.sks; sourceTree = "<group>"; };
		4C69901B1C75BA350061BB6C /* spark.png */ = {isa = PBXFileReference; lastKnownFileType = image.png; path = spark.png; sourceTree = "<group>"; };
		4CD4C3161C13BEAF00996832 /* Upgrade.swift */ = {isa = PBXFileReference; fileEncoding = 4; lastKnownFileType = sourcecode.swift; path = Upgrade.swift; sourceTree = "<group>"; };
		4CD4C3191C13C7D600996832 /* Fireball.swift */ = {isa = PBXFileReference; fileEncoding = 4; lastKnownFileType = sourcecode.swift; path = Fireball.swift; sourceTree = "<group>"; };
		4CD4C31B1C13CC5B00996832 /* Laser.swift */ = {isa = PBXFileReference; fileEncoding = 4; lastKnownFileType = sourcecode.swift; path = Laser.swift; sourceTree = "<group>"; };
		4CD4C31F1C13EF9000996832 /* pFireball.swift */ = {isa = PBXFileReference; fileEncoding = 4; lastKnownFileType = sourcecode.swift; path = pFireball.swift; sourceTree = "<group>"; };
		4CD4C3211C13EF9800996832 /* pLaser.swift */ = {isa = PBXFileReference; fileEncoding = 4; lastKnownFileType = sourcecode.swift; path = pLaser.swift; sourceTree = "<group>"; };
/* End PBXFileReference section */

/* Begin PBXFrameworksBuildPhase section */
		4C45581F1C1290B50059AA42 /* Frameworks */ = {
			isa = PBXFrameworksBuildPhase;
			buildActionMask = 2147483647;
			files = (
			);
			runOnlyForDeploymentPostprocessing = 0;
		};
/* End PBXFrameworksBuildPhase section */

/* Begin PBXGroup section */
		4C0AA3701C12B63800FBECB9 /* Sprites */ = {
			isa = PBXGroup;
			children = (
				4C0AA36E1C12B62000FBECB9 /* Projectile.swift */,
				4CD4C31E1C13ECC700996832 /* Projectiles */,
				4CD4C3161C13BEAF00996832 /* Upgrade.swift */,
				4CD4C3181C13C7C400996832 /* Upgrades */,
				4C45583B1C1291870059AA42 /* Spaceship.swift */,
				4C0AA36C1C12B61C00FBECB9 /* Meteor.swift */,
				4C0AA36A1C12B61600FBECB9 /* Boss.swift */,
			);
			name = Sprites;
			sourceTree = "<group>";
		};
		4C4558191C1290B50059AA42 = {
			isa = PBXGroup;
			children = (
				4C69901A1C75BA350061BB6C /* StarField.sks */,
				4C69901B1C75BA350061BB6C /* spark.png */,
				4C5E45131C75B743007D5112 /* spark.png */,
				4C5E45111C75B499007D5112 /* ShipExhaust.sks */,
				4C4558241C1290B50059AA42 /* Pterattack */,
				4C4558231C1290B50059AA42 /* Products */,
			);
			sourceTree = "<group>";
		};
		4C4558231C1290B50059AA42 /* Products */ = {
			isa = PBXGroup;
			children = (
				4C4558221C1290B50059AA42 /* Pterattack.app */,
			);
			name = Products;
			sourceTree = "<group>";
		};
		4C4558241C1290B50059AA42 /* Pterattack */ = {
			isa = PBXGroup;
			children = (
				4CD4C3121C1389F700996832 /* Effects */,
				4C0AA3701C12B63800FBECB9 /* Sprites */,
				4C4558251C1290B50059AA42 /* AppDelegate.swift */,
				4C4558291C1290B50059AA42 /* GameScene.swift */,
				4C5E450F1C75B377007D5112 /* HealthBar.swift */,
				4C45582B1C1290B50059AA42 /* GameViewController.swift */,
				4C0AA3711C12B6DB00FBECB9 /* Level.swift */,
				4C4558271C1290B50059AA42 /* GameScene.sks */,
				4C45582D1C1290B50059AA42 /* Main.storyboard */,
				4C4558301C1290B50059AA42 /* Assets.xcassets */,
				4C4558321C1290B50059AA42 /* LaunchScreen.storyboard */,
				4C4558351C1290B60059AA42 /* Info.plist */,
			);
			path = Pterattack;
			sourceTree = "<group>";
		};
		4CD4C3121C1389F700996832 /* Effects */ = {
			isa = PBXGroup;
			children = (
			);
			name = Effects;
			sourceTree = "<group>";
		};
		4CD4C3181C13C7C400996832 /* Upgrades */ = {
			isa = PBXGroup;
			children = (
				4CD4C3191C13C7D600996832 /* Fireball.swift */,
				4CD4C31B1C13CC5B00996832 /* Laser.swift */,
			);
			name = Upgrades;
			sourceTree = "<group>";
		};
		4CD4C31E1C13ECC700996832 /* Projectiles */ = {
			isa = PBXGroup;
			children = (
				4CD4C31F1C13EF9000996832 /* pFireball.swift */,
				4CD4C3211C13EF9800996832 /* pLaser.swift */,
			);
			name = Projectiles;
			sourceTree = "<group>";
		};
/* End PBXGroup section */

/* Begin PBXNativeTarget section */
		4C4558211C1290B50059AA42 /* Pterattack */ = {
			isa = PBXNativeTarget;
			buildConfigurationList = 4C4558381C1290B60059AA42 /* Build configuration list for PBXNativeTarget "Pterattack" */;
			buildPhases = (
				4C45581E1C1290B50059AA42 /* Sources */,
				4C45581F1C1290B50059AA42 /* Frameworks */,
				4C4558201C1290B50059AA42 /* Resources */,
			);
			buildRules = (
			);
			dependencies = (
			);
			name = Pterattack;
			productName = Pterattack;
			productReference = 4C4558221C1290B50059AA42 /* Pterattack.app */;
			productType = "com.apple.product-type.application";
		};
/* End PBXNativeTarget section */

/* Begin PBXProject section */
		4C45581A1C1290B50059AA42 /* Project object */ = {
			isa = PBXProject;
			attributes = {
				LastUpgradeCheck = 0700;
				TargetAttributes = {
					4C4558211C1290B50059AA42 = {
						CreatedOnToolsVersion = 7.0.1;
						DevelopmentTeam = QH532688TC;
					};
				};
			};
			buildConfigurationList = 4C45581D1C1290B50059AA42 /* Build configuration list for PBXProject "Pterattack" */;
			compatibilityVersion = "Xcode 3.2";
			developmentRegion = English;
			hasScannedForEncodings = 0;
			knownRegions = (
				en,
				Base,
			);
			mainGroup = 4C4558191C1290B50059AA42;
			productRefGroup = 4C4558231C1290B50059AA42 /* Products */;
			projectDirPath = "";
			projectRoot = "";
			targets = (
				4C4558211C1290B50059AA42 /* Pterattack */,
			);
		};
/* End PBXProject section */

/* Begin PBXResourcesBuildPhase section */
		4C4558201C1290B50059AA42 /* Resources */ = {
			isa = PBXResourcesBuildPhase;
			buildActionMask = 2147483647;
			files = (
				4C4558281C1290B50059AA42 /* GameScene.sks in Resources */,
				4C5E45121C75B499007D5112 /* ShipExhaust.sks in Resources */,
				4C4558341C1290B50059AA42 /* LaunchScreen.storyboard in Resources */,
				4C5E45141C75B743007D5112 /* spark.png in Resources */,
				4C69901C1C75BA350061BB6C /* StarField.sks in Resources */,
				4C69901D1C75BA350061BB6C /* spark.png in Resources */,
				4C4558311C1290B50059AA42 /* Assets.xcassets in Resources */,
				4C45582F1C1290B50059AA42 /* Main.storyboard in Resources */,
			);
			runOnlyForDeploymentPostprocessing = 0;
		};
/* End PBXResourcesBuildPhase section */

/* Begin PBXSourcesBuildPhase section */
		4C45581E1C1290B50059AA42 /* Sources */ = {
			isa = PBXSourcesBuildPhase;
			buildActionMask = 2147483647;
			files = (
				4C45582A1C1290B50059AA42 /* GameScene.swift in Sources */,
				4C45582C1C1290B50059AA42 /* GameViewController.swift in Sources */,
				4CD4C31A1C13C7D600996832 /* Fireball.swift in Sources */,
				4CD4C31C1C13CC5B00996832 /* Laser.swift in Sources */,
				4C45583C1C1291870059AA42 /* Spaceship.swift in Sources */,
				4CD4C3171C13BEAF00996832 /* Upgrade.swift in Sources */,
				4C0AA36B1C12B61600FBECB9 /* Boss.swift in Sources */,
				4C0AA36F1C12B62000FBECB9 /* Projectile.swift in Sources */,
				4C0AA3721C12B6DB00FBECB9 /* Level.swift in Sources */,
				4C5E45101C75B377007D5112 /* HealthBar.swift in Sources */,
				4C4558261C1290B50059AA42 /* AppDelegate.swift in Sources */,
				4C0AA36D1C12B61C00FBECB9 /* Meteor.swift in Sources */,
				4CD4C3201C13EF9000996832 /* pFireball.swift in Sources */,
				4CD4C3221C13EF9800996832 /* pLaser.swift in Sources */,
			);
			runOnlyForDeploymentPostprocessing = 0;
		};
/* End PBXSourcesBuildPhase section */

/* Begin PBXVariantGroup section */
		4C45582D1C1290B50059AA42 /* Main.storyboard */ = {
			isa = PBXVariantGroup;
			children = (
				4C45582E1C1290B50059AA42 /* Base */,
			);
			name = Main.storyboard;
			sourceTree = "<group>";
		};
		4C4558321C1290B50059AA42 /* LaunchScreen.storyboard */ = {
			isa = PBXVariantGroup;
			children = (
				4C4558331C1290B50059AA42 /* Base */,
			);
			name = LaunchScreen.storyboard;
			sourceTree = "<group>";
		};
/* End PBXVariantGroup section */

/* Begin XCBuildConfiguration section */
		4C4558361C1290B60059AA42 /* Debug */ = {
			isa = XCBuildConfiguration;
			buildSettings = {
				ALWAYS_SEARCH_USER_PATHS = NO;
				CLANG_CXX_LANGUAGE_STANDARD = "gnu++0x";
				CLANG_CXX_LIBRARY = "libc++";
				CLANG_ENABLE_MODULES = YES;
				CLANG_ENABLE_OBJC_ARC = YES;
				CLANG_WARN_BOOL_CONVERSION = YES;
				CLANG_WARN_CONSTANT_CONVERSION = YES;
				CLANG_WARN_DIRECT_OBJC_ISA_USAGE = YES_ERROR;
				CLANG_WARN_EMPTY_BODY = YES;
				CLANG_WARN_ENUM_CONVERSION = YES;
				CLANG_WARN_INT_CONVERSION = YES;
				CLANG_WARN_OBJC_ROOT_CLASS = YES_ERROR;
				CLANG_WARN_UNREACHABLE_CODE = YES;
				CLANG_WARN__DUPLICATE_METHOD_MATCH = YES;
				"CODE_SIGN_IDENTITY[sdk=iphoneos*]" = "iPhone Developer";
				COPY_PHASE_STRIP = NO;
				DEBUG_INFORMATION_FORMAT = "dwarf-with-dsym";
				ENABLE_STRICT_OBJC_MSGSEND = YES;
				ENABLE_TESTABILITY = YES;
				GCC_C_LANGUAGE_STANDARD = gnu99;
				GCC_DYNAMIC_NO_PIC = NO;
				GCC_NO_COMMON_BLOCKS = YES;
				GCC_OPTIMIZATION_LEVEL = 0;
				GCC_PREPROCESSOR_DEFINITIONS = (
					"DEBUG=1",
					"$(inherited)",
				);
				GCC_WARN_64_TO_32_BIT_CONVERSION = YES;
				GCC_WARN_ABOUT_RETURN_TYPE = YES_ERROR;
				GCC_WARN_UNDECLARED_SELECTOR = YES;
				GCC_WARN_UNINITIALIZED_AUTOS = YES_AGGRESSIVE;
				GCC_WARN_UNUSED_FUNCTION = YES;
				GCC_WARN_UNUSED_VARIABLE = YES;
				IPHONEOS_DEPLOYMENT_TARGET = 9.0;
				MTL_ENABLE_DEBUG_INFO = YES;
				ONLY_ACTIVE_ARCH = YES;
				SDKROOT = iphoneos;
				SWIFT_OPTIMIZATION_LEVEL = "-Onone";
			};
			name = Debug;
		};
		4C4558371C1290B60059AA42 /* Release */ = {
			isa = XCBuildConfiguration;
			buildSettings = {
				ALWAYS_SEARCH_USER_PATHS = NO;
				CLANG_CXX_LANGUAGE_STANDARD = "gnu++0x";
				CLANG_CXX_LIBRARY = "libc++";
				CLANG_ENABLE_MODULES = YES;
				CLANG_ENABLE_OBJC_ARC = YES;
				CLANG_WARN_BOOL_CONVERSION = YES;
				CLANG_WARN_CONSTANT_CONVERSION = YES;
				CLANG_WARN_DIRECT_OBJC_ISA_USAGE = YES_ERROR;
				CLANG_WARN_EMPTY_BODY = YES;
				CLANG_WARN_ENUM_CONVERSION = YES;
				CLANG_WARN_INT_CONVERSION = YES;
				CLANG_WARN_OBJC_ROOT_CLASS = YES_ERROR;
				CLANG_WARN_UNREACHABLE_CODE = YES;
				CLANG_WARN__DUPLICATE_METHOD_MATCH = YES;
				"CODE_SIGN_IDENTITY[sdk=iphoneos*]" = "iPhone Developer";
				COPY_PHASE_STRIP = NO;
				DEBUG_INFORMATION_FORMAT = "dwarf-with-dsym";
				ENABLE_NS_ASSERTIONS = NO;
				ENABLE_STRICT_OBJC_MSGSEND = YES;
				GCC_C_LANGUAGE_STANDARD = gnu99;
				GCC_NO_COMMON_BLOCKS = YES;
				GCC_WARN_64_TO_32_BIT_CONVERSION = YES;
				GCC_WARN_ABOUT_RETURN_TYPE = YES_ERROR;
				GCC_WARN_UNDECLARED_SELECTOR = YES;
				GCC_WARN_UNINITIALIZED_AUTOS = YES_AGGRESSIVE;
				GCC_WARN_UNUSED_FUNCTION = YES;
				GCC_WARN_UNUSED_VARIABLE = YES;
				IPHONEOS_DEPLOYMENT_TARGET = 9.0;
				MTL_ENABLE_DEBUG_INFO = NO;
				SDKROOT = iphoneos;
				VALIDATE_PRODUCT = YES;
			};
			name = Release;
		};
		4C4558391C1290B60059AA42 /* Debug */ = {
			isa = XCBuildConfiguration;
			buildSettings = {
				ASSETCATALOG_COMPILER_APPICON_NAME = AppIcon;
				CODE_SIGN_IDENTITY = "iPhone Developer";
				"CODE_SIGN_IDENTITY[sdk=iphoneos*]" = "iPhone Developer";
				INFOPLIST_FILE = Pterattack/Info.plist;
				IPHONEOS_DEPLOYMENT_TARGET = 8.0;
				LD_RUNPATH_SEARCH_PATHS = "$(inherited) @executable_path/Frameworks";
				PRODUCT_BUNDLE_IDENTIFIER = michaelfigueroa.Pterattack;
				PRODUCT_NAME = "$(TARGET_NAME)";
				PROVISIONING_PROFILE = "";
			};
			name = Debug;
		};
		4C45583A1C1290B60059AA42 /* Release */ = {
			isa = XCBuildConfiguration;
			buildSettings = {
				ASSETCATALOG_COMPILER_APPICON_NAME = AppIcon;
				"CODE_SIGN_ENTITLEMENTS[sdk=*]" = "";
				CODE_SIGN_IDENTITY = "iPhone Developer";
				"CODE_SIGN_IDENTITY[sdk=iphoneos*]" = "iPhone Developer";
				INFOPLIST_FILE = Pterattack/Info.plist;
				IPHONEOS_DEPLOYMENT_TARGET = 8.0;
				LD_RUNPATH_SEARCH_PATHS = "$(inherited) @executable_path/Frameworks";
				PRODUCT_BUNDLE_IDENTIFIER = michaelfigueroa.Pterattack;
				PRODUCT_NAME = "$(TARGET_NAME)";
				PROVISIONING_PROFILE = "";
			};
			name = Release;
		};
/* End XCBuildConfiguration section */

/* Begin XCConfigurationList section */
		4C45581D1C1290B50059AA42 /* Build configuration list for PBXProject "Pterattack" */ = {
			isa = XCConfigurationList;
			buildConfigurations = (
				4C4558361C1290B60059AA42 /* Debug */,
				4C4558371C1290B60059AA42 /* Release */,
			);
			defaultConfigurationIsVisible = 0;
			defaultConfigurationName = Release;
		};
		4C4558381C1290B60059AA42 /* Build configuration list for PBXNativeTarget "Pterattack" */ = {
			isa = XCConfigurationList;
			buildConfigurations = (
				4C4558391C1290B60059AA42 /* Debug */,
				4C45583A1C1290B60059AA42 /* Release */,
			);
			defaultConfigurationIsVisible = 0;
			defaultConfigurationName = Release;
		};
/* End XCConfigurationList section */
	};
	rootObject = 4C45581A1C1290B50059AA42 /* Project object */;
}
